
Microsoft Visual Studio Solution File, Format Version 12.00
# Visual Studio Version 17
VisualStudioVersion = 17.1.32414.318
MinimumVisualStudioVersion = 10.0.40219.1
Project("{9A19103F-16F7-4668-BE54-9A1E7A4F7556}") = "Ccs.Ppg.NotificationService.API", "Ccs.Ppg.NotificationService.API\Ccs.Ppg.NotificationService.API.csproj", "{F13608AC-E354-49C0-B9F6-88B11F5C3E52}"
EndProject
Project("{9A19103F-16F7-4668-BE54-9A1E7A4F7556}") = "Ccs.Ppg.NotificationService", "Ccs.Ppg.NotificationService\Ccs.Ppg.NotificationService.csproj", "{F643E72D-5849-4975-A835-2D5B00D32B5E}"
EndProject
Project("{9A19103F-16F7-4668-BE54-9A1E7A4F7556}") = "Ccs.Ppg.Utility.Authorization", "Ccs.Ppg.Utility.Authorization\Ccs.Ppg.Utility.Authorization.csproj", "{EC2CDB6D-954E-4166-8027-BBE218880CAA}"
EndProject
Project("{9A19103F-16F7-4668-BE54-9A1E7A4F7556}") = "Ccs.Ppg.Utility.Cache", "Ccs.Ppg.Utility.Cache\Ccs.Ppg.Utility.Cache.csproj", "{18C2ECFB-4CE0-4ECC-9D8C-E0BB0631E3FC}"
EndProject
Project("{9A19103F-16F7-4668-BE54-9A1E7A4F7556}") = "Ccs.Ppg.Utility.Constants", "Ccs.Ppg.Utility.Constants\Ccs.Ppg.Utility.Constants.csproj", "{66974C22-D07A-4604-9255-02676DB379C6}"
EndProject
Project("{9A19103F-16F7-4668-BE54-9A1E7A4F7556}") = "Ccs.Ppg.Utility.Exceptions", "Ccs.Ppg.Utility.Exceptions\Ccs.Ppg.Utility.Exceptions.csproj", "{0ECAC669-CBF8-4911-8787-26354B477659}"
EndProject
Project("{9A19103F-16F7-4668-BE54-9A1E7A4F7556}") = "Ccs.Ppg.Utility.Logging", "Ccs.Ppg.Utility.Logging\Ccs.Ppg.Utility.Logging.csproj", "{9D73587B-C2FE-4C23-8E67-2E6ADC211EC2}"
EndProject
Project("{9A19103F-16F7-4668-BE54-9A1E7A4F7556}") = "Ccs.Ppg.Utility.Swagger", "Ccs.Ppg.Utility.Swagger\Ccs.Ppg.Utility.Swagger.csproj", "{02234335-EF98-48CF-A49E-13C8AF865AC3}"
EndProject
Global
	GlobalSection(SolutionConfigurationPlatforms) = preSolution
		Debug|Any CPU = Debug|Any CPU
		Release|Any CPU = Release|Any CPU
	EndGlobalSection
	GlobalSection(ProjectConfigurationPlatforms) = postSolution
		{F13608AC-E354-49C0-B9F6-88B11F5C3E52}.Debug|Any CPU.ActiveCfg = Debug|Any CPU
		{F13608AC-E354-49C0-B9F6-88B11F5C3E52}.Debug|Any CPU.Build.0 = Debug|Any CPU
		{F13608AC-E354-49C0-B9F6-88B11F5C3E52}.Release|Any CPU.ActiveCfg = Release|Any CPU
		{F13608AC-E354-49C0-B9F6-88B11F5C3E52}.Release|Any CPU.Build.0 = Release|Any CPU
		{F643E72D-5849-4975-A835-2D5B00D32B5E}.Debug|Any CPU.ActiveCfg = Debug|Any CPU
		{F643E72D-5849-4975-A835-2D5B00D32B5E}.Debug|Any CPU.Build.0 = Debug|Any CPU
		{F643E72D-5849-4975-A835-2D5B00D32B5E}.Release|Any CPU.ActiveCfg = Release|Any CPU
		{F643E72D-5849-4975-A835-2D5B00D32B5E}.Release|Any CPU.Build.0 = Release|Any CPU
		{EC2CDB6D-954E-4166-8027-BBE218880CAA}.Debug|Any CPU.ActiveCfg = Debug|Any CPU
		{EC2CDB6D-954E-4166-8027-BBE218880CAA}.Debug|Any CPU.Build.0 = Debug|Any CPU
		{EC2CDB6D-954E-4166-8027-BBE218880CAA}.Release|Any CPU.ActiveCfg = Release|Any CPU
		{EC2CDB6D-954E-4166-8027-BBE218880CAA}.Release|Any CPU.Build.0 = Release|Any CPU
		{18C2ECFB-4CE0-4ECC-9D8C-E0BB0631E3FC}.Debug|Any CPU.ActiveCfg = Debug|Any CPU
		{18C2ECFB-4CE0-4ECC-9D8C-E0BB0631E3FC}.Debug|Any CPU.Build.0 = Debug|Any CPU
		{18C2ECFB-4CE0-4ECC-9D8C-E0BB0631E3FC}.Release|Any CPU.ActiveCfg = Release|Any CPU
		{18C2ECFB-4CE0-4ECC-9D8C-E0BB0631E3FC}.Release|Any CPU.Build.0 = Release|Any CPU
		{66974C22-D07A-4604-9255-02676DB379C6}.Debug|Any CPU.ActiveCfg = Debug|Any CPU
		{66974C22-D07A-4604-9255-02676DB379C6}.Debug|Any CPU.Build.0 = Debug|Any CPU
		{66974C22-D07A-4604-9255-02676DB379C6}.Release|Any CPU.ActiveCfg = Release|Any CPU
		{66974C22-D07A-4604-9255-02676DB379C6}.Release|Any CPU.Build.0 = Release|Any CPU
		{0ECAC669-CBF8-4911-8787-26354B477659}.Debug|Any CPU.ActiveCfg = Debug|Any CPU
		{0ECAC669-CBF8-4911-8787-26354B477659}.Debug|Any CPU.Build.0 = Debug|Any CPU
		{0ECAC669-CBF8-4911-8787-26354B477659}.Release|Any CPU.ActiveCfg = Release|Any CPU
		{0ECAC669-CBF8-4911-8787-26354B477659}.Release|Any CPU.Build.0 = Release|Any CPU
		{9D73587B-C2FE-4C23-8E67-2E6ADC211EC2}.Debug|Any CPU.ActiveCfg = Debug|Any CPU
		{9D73587B-C2FE-4C23-8E67-2E6ADC211EC2}.Debug|Any CPU.Build.0 = Debug|Any CPU
		{9D73587B-C2FE-4C23-8E67-2E6ADC211EC2}.Release|Any CPU.ActiveCfg = Release|Any CPU
		{9D73587B-C2FE-4C23-8E67-2E6ADC211EC2}.Release|Any CPU.Build.0 = Release|Any CPU
		{02234335-EF98-48CF-A49E-13C8AF865AC3}.Debug|Any CPU.ActiveCfg = Debug|Any CPU
		{02234335-EF98-48CF-A49E-13C8AF865AC3}.Debug|Any CPU.Build.0 = Debug|Any CPU
		{02234335-EF98-48CF-A49E-13C8AF865AC3}.Release|Any CPU.ActiveCfg = Release|Any CPU
		{02234335-EF98-48CF-A49E-13C8AF865AC3}.Release|Any CPU.Build.0 = Release|Any CPU
	EndGlobalSection
	GlobalSection(SolutionProperties) = preSolution
		HideSolutionNode = FALSE
	EndGlobalSection
	GlobalSection(ExtensibilityGlobals) = postSolution
		SolutionGuid = {D0D8A3FD-0434-4020-AEED-94CEDF17A2C8}
	EndGlobalSection
EndGlobal
